// !$*UTF8*$!
{
	archiveVersion = 1;
	classes = {
	};
	objectVersion = 56;
	objects = {

/* Begin PBXBuildFile section */
		2822687D2A9725F000414A1C /* XCTestCase+MemoryLeakTracking.swift in Sources */ = {isa = PBXBuildFile; fileRef = 2822687C2A9725F000414A1C /* XCTestCase+MemoryLeakTracking.swift */; };
		282268802A9727A700414A1C /* URLSessionHTTPClient.swift in Sources */ = {isa = PBXBuildFile; fileRef = 2822687F2A9727A700414A1C /* URLSessionHTTPClient.swift */; };
		2823908A2AA027C8000B818B /* LoadFeedFromCacheUseCaseTests.swift in Sources */ = {isa = PBXBuildFile; fileRef = 282390892AA027C8000B818B /* LoadFeedFromCacheUseCaseTests.swift */; };
		2823908C2AA0286F000B818B /* FeedStoreSpy.swift in Sources */ = {isa = PBXBuildFile; fileRef = 2823908B2AA0286F000B818B /* FeedStoreSpy.swift */; };
		2825E51B2AA1B79C001DB4CA /* FeedCacheTestHelpers.swift in Sources */ = {isa = PBXBuildFile; fileRef = 2825E51A2AA1B79C001DB4CA /* FeedCacheTestHelpers.swift */; };
		2825E51D2AA1B8E1001DB4CA /* SharedTestHelpers.swift in Sources */ = {isa = PBXBuildFile; fileRef = 2825E51C2AA1B8E1001DB4CA /* SharedTestHelpers.swift */; };
		284103512AA33683003F6748 /* FeedCachePolicy.swift in Sources */ = {isa = PBXBuildFile; fileRef = 284103502AA33683003F6748 /* FeedCachePolicy.swift */; };
		284103532AA337B3003F6748 /* .github in Resources */ = {isa = PBXBuildFile; fileRef = 284103522AA337B3003F6748 /* .github */; };
		2849BC2B2A9DC107009781A9 /* CacheFeedUseCaseTests.swift in Sources */ = {isa = PBXBuildFile; fileRef = 2849BC2A2A9DC107009781A9 /* CacheFeedUseCaseTests.swift */; };
		285DAB7F2A907009003DC46E /* EssentialFeed.framework in Frameworks */ = {isa = PBXBuildFile; fileRef = 285DAB762A907009003DC46E /* EssentialFeed.framework */; };
		285DAB852A907009003DC46E /* EssentialFeed.h in Headers */ = {isa = PBXBuildFile; fileRef = 285DAB792A907009003DC46E /* EssentialFeed.h */; settings = {ATTRIBUTES = (Public, ); }; };
		285DAB912A90737D003DC46E /* FeedImage.swift in Sources */ = {isa = PBXBuildFile; fileRef = 285DAB902A90737D003DC46E /* FeedImage.swift */; };
		285DAB932A9073D3003DC46E /* FeedLoader.swift in Sources */ = {isa = PBXBuildFile; fileRef = 285DAB922A9073D3003DC46E /* FeedLoader.swift */; };
		285DAB972A90852E003DC46E /* LoadFeedFromRemoteUseCaseTests.swift in Sources */ = {isa = PBXBuildFile; fileRef = 285DAB962A90852E003DC46E /* LoadFeedFromRemoteUseCaseTests.swift */; };
		285DAB9B2A9086E6003DC46E /* RemoteFeedLoader.swift in Sources */ = {isa = PBXBuildFile; fileRef = 285DAB9A2A9086E6003DC46E /* RemoteFeedLoader.swift */; };
		285DAB9E2A91C9D3003DC46E /* HTTPClient.swift in Sources */ = {isa = PBXBuildFile; fileRef = 285DAB9D2A91C9D3003DC46E /* HTTPClient.swift */; };
		285DABA02A91C9FA003DC46E /* FeedItemsMapper.swift in Sources */ = {isa = PBXBuildFile; fileRef = 285DAB9F2A91C9FA003DC46E /* FeedItemsMapper.swift */; };
		285DABA32A932AC4003DC46E /* URLSessionHTTPClientTests.swift in Sources */ = {isa = PBXBuildFile; fileRef = 285DABA22A932AC4003DC46E /* URLSessionHTTPClientTests.swift */; };
		286917D92AAAE8CC00506360 /* CoreDataHelpers.swift in Sources */ = {isa = PBXBuildFile; fileRef = 286917D82AAAE8CC00506360 /* CoreDataHelpers.swift */; };
		286917DB2AAAE8F800506360 /* ManagedCache.swift in Sources */ = {isa = PBXBuildFile; fileRef = 286917DA2AAAE8F800506360 /* ManagedCache.swift */; };
		286917DD2AAAE90C00506360 /* ManagedFeedImage.swift in Sources */ = {isa = PBXBuildFile; fileRef = 286917DC2AAAE90C00506360 /* ManagedFeedImage.swift */; };
		286917DF2AAAEA9200506360 /* .git in Resources */ = {isa = PBXBuildFile; fileRef = 286917DE2AAAEA9200506360 /* .git */; };
		286917E72AAAF2C100506360 /* EssentialFeedCacheIntegrationTests.swift in Sources */ = {isa = PBXBuildFile; fileRef = 286917E62AAAF2C100506360 /* EssentialFeedCacheIntegrationTests.swift */; };
		286917E82AAAF2C100506360 /* EssentialFeed.framework in Frameworks */ = {isa = PBXBuildFile; fileRef = 285DAB762A907009003DC46E /* EssentialFeed.framework */; };
		286917EF2AAAF36F00506360 /* XCTestCase+MemoryLeakTracking.swift in Sources */ = {isa = PBXBuildFile; fileRef = 2822687C2A9725F000414A1C /* XCTestCase+MemoryLeakTracking.swift */; };
		286917F02AAAF3BB00506360 /* FeedCacheTestHelpers.swift in Sources */ = {isa = PBXBuildFile; fileRef = 2825E51A2AA1B79C001DB4CA /* FeedCacheTestHelpers.swift */; };
		286917F12AAAF3C500506360 /* SharedTestHelpers.swift in Sources */ = {isa = PBXBuildFile; fileRef = 2825E51C2AA1B8E1001DB4CA /* SharedTestHelpers.swift */; };
		2876F09F2AA80F8400211B8C /* FeedStoreSpecs.swift in Sources */ = {isa = PBXBuildFile; fileRef = 2876F09E2AA80F8400211B8C /* FeedStoreSpecs.swift */; };
		2876F0A12AA80FBB00211B8C /* XCTestCase+FeedStoreSpecs.swift in Sources */ = {isa = PBXBuildFile; fileRef = 2876F0A02AA80FBB00211B8C /* XCTestCase+FeedStoreSpecs.swift */; };
		2876F0A32AA8106D00211B8C /* XCTestCase+FailableRetrieveFeedStoreSpecs.swift in Sources */ = {isa = PBXBuildFile; fileRef = 2876F0A22AA8106D00211B8C /* XCTestCase+FailableRetrieveFeedStoreSpecs.swift */; };
		2876F0A52AA810B100211B8C /* XCTestCase+FailableInsertFeedStoreSpecs.swift in Sources */ = {isa = PBXBuildFile; fileRef = 2876F0A42AA810B100211B8C /* XCTestCase+FailableInsertFeedStoreSpecs.swift */; };
		2876F0A72AA8110000211B8C /* XCTestCase+FailableDeleteFeedStoreSpecs.swift in Sources */ = {isa = PBXBuildFile; fileRef = 2876F0A62AA8110000211B8C /* XCTestCase+FailableDeleteFeedStoreSpecs.swift */; };
		287B9EF02A987749009C5AC1 /* EssentialFeedAPIEndToEndTests.swift in Sources */ = {isa = PBXBuildFile; fileRef = 287B9EEF2A987749009C5AC1 /* EssentialFeedAPIEndToEndTests.swift */; };
		287B9EF12A987749009C5AC1 /* EssentialFeed.framework in Frameworks */ = {isa = PBXBuildFile; fileRef = 285DAB762A907009003DC46E /* EssentialFeed.framework */; };
		287B9EF72A987A3D009C5AC1 /* XCTestCase+MemoryLeakTracking.swift in Sources */ = {isa = PBXBuildFile; fileRef = 2822687C2A9725F000414A1C /* XCTestCase+MemoryLeakTracking.swift */; };
		288B6E062A9F110E0096B286 /* LocalFeedLoader.swift in Sources */ = {isa = PBXBuildFile; fileRef = 288B6E052A9F110E0096B286 /* LocalFeedLoader.swift */; };
		288B6E082A9F114F0096B286 /* FeedStore.swift in Sources */ = {isa = PBXBuildFile; fileRef = 288B6E072A9F114F0096B286 /* FeedStore.swift */; };
		288B6E0A2A9F17770096B286 /* RemoteFeedItem.swift in Sources */ = {isa = PBXBuildFile; fileRef = 288B6E092A9F17770096B286 /* RemoteFeedItem.swift */; };
		288B6E0C2A9F179D0096B286 /* LocalFeedImage.swift in Sources */ = {isa = PBXBuildFile; fileRef = 288B6E0B2A9F179D0096B286 /* LocalFeedImage.swift */; };
		289E125F2AA965350022ED1F /* CoreDataFeedStoreTests.swift in Sources */ = {isa = PBXBuildFile; fileRef = 289E125E2AA965350022ED1F /* CoreDataFeedStoreTests.swift */; };
		289E12612AA965820022ED1F /* CoreDataFeedStore.swift in Sources */ = {isa = PBXBuildFile; fileRef = 289E12602AA965820022ED1F /* CoreDataFeedStore.swift */; };
		289E12642AA965DE0022ED1F /* FeedStore.xcdatamodeld in Sources */ = {isa = PBXBuildFile; fileRef = 289E12622AA965DE0022ED1F /* FeedStore.xcdatamodeld */; };
		28C9CBFE2AA1B18900749881 /* README.md in Resources */ = {isa = PBXBuildFile; fileRef = 28C9CBFD2AA1B18900749881 /* README.md */; };
		28C9CC002AA1B59000749881 /* ValidateFeedCacheUseCaseTests.swift in Sources */ = {isa = PBXBuildFile; fileRef = 28C9CBFF2AA1B59000749881 /* ValidateFeedCacheUseCaseTests.swift */; };
/* End PBXBuildFile section */

/* Begin PBXContainerItemProxy section */
		285DAB802A907009003DC46E /* PBXContainerItemProxy */ = {
			isa = PBXContainerItemProxy;
			containerPortal = 285DAB6D2A907009003DC46E /* Project object */;
			proxyType = 1;
			remoteGlobalIDString = 285DAB752A907009003DC46E;
			remoteInfo = EssentialFeed;
		};
		286917E92AAAF2C100506360 /* PBXContainerItemProxy */ = {
			isa = PBXContainerItemProxy;
			containerPortal = 285DAB6D2A907009003DC46E /* Project object */;
			proxyType = 1;
			remoteGlobalIDString = 285DAB752A907009003DC46E;
			remoteInfo = EssentialFeed;
		};
		287B9EF22A987749009C5AC1 /* PBXContainerItemProxy */ = {
			isa = PBXContainerItemProxy;
			containerPortal = 285DAB6D2A907009003DC46E /* Project object */;
			proxyType = 1;
			remoteGlobalIDString = 285DAB752A907009003DC46E;
			remoteInfo = EssentialFeed;
		};
/* End PBXContainerItemProxy section */

/* Begin PBXFileReference section */
		2822687C2A9725F000414A1C /* XCTestCase+MemoryLeakTracking.swift */ = {isa = PBXFileReference; lastKnownFileType = sourcecode.swift; path = "XCTestCase+MemoryLeakTracking.swift"; sourceTree = "<group>"; };
		2822687F2A9727A700414A1C /* URLSessionHTTPClient.swift */ = {isa = PBXFileReference; lastKnownFileType = sourcecode.swift; path = URLSessionHTTPClient.swift; sourceTree = "<group>"; };
		282390892AA027C8000B818B /* LoadFeedFromCacheUseCaseTests.swift */ = {isa = PBXFileReference; lastKnownFileType = sourcecode.swift; path = LoadFeedFromCacheUseCaseTests.swift; sourceTree = "<group>"; };
		2823908B2AA0286F000B818B /* FeedStoreSpy.swift */ = {isa = PBXFileReference; lastKnownFileType = sourcecode.swift; path = FeedStoreSpy.swift; sourceTree = "<group>"; };
		2825E51A2AA1B79C001DB4CA /* FeedCacheTestHelpers.swift */ = {isa = PBXFileReference; lastKnownFileType = sourcecode.swift; path = FeedCacheTestHelpers.swift; sourceTree = "<group>"; };
		2825E51C2AA1B8E1001DB4CA /* SharedTestHelpers.swift */ = {isa = PBXFileReference; lastKnownFileType = sourcecode.swift; path = SharedTestHelpers.swift; sourceTree = "<group>"; };
		284103502AA33683003F6748 /* FeedCachePolicy.swift */ = {isa = PBXFileReference; lastKnownFileType = sourcecode.swift; path = FeedCachePolicy.swift; sourceTree = "<group>"; };
		284103522AA337B3003F6748 /* .github */ = {isa = PBXFileReference; fileEncoding = 4; lastKnownFileType = text; path = .github; sourceTree = SOURCE_ROOT; };
		2849BC2A2A9DC107009781A9 /* CacheFeedUseCaseTests.swift */ = {isa = PBXFileReference; lastKnownFileType = sourcecode.swift; path = CacheFeedUseCaseTests.swift; sourceTree = "<group>"; };
		285DAB762A907009003DC46E /* EssentialFeed.framework */ = {isa = PBXFileReference; explicitFileType = wrapper.framework; includeInIndex = 0; path = EssentialFeed.framework; sourceTree = BUILT_PRODUCTS_DIR; };
		285DAB792A907009003DC46E /* EssentialFeed.h */ = {isa = PBXFileReference; lastKnownFileType = sourcecode.c.h; path = EssentialFeed.h; sourceTree = "<group>"; };
		285DAB7E2A907009003DC46E /* EssentialFeedTests.xctest */ = {isa = PBXFileReference; explicitFileType = wrapper.cfbundle; includeInIndex = 0; path = EssentialFeedTests.xctest; sourceTree = BUILT_PRODUCTS_DIR; };
		285DAB902A90737D003DC46E /* FeedImage.swift */ = {isa = PBXFileReference; lastKnownFileType = sourcecode.swift; path = FeedImage.swift; sourceTree = "<group>"; };
		285DAB922A9073D3003DC46E /* FeedLoader.swift */ = {isa = PBXFileReference; lastKnownFileType = sourcecode.swift; path = FeedLoader.swift; sourceTree = "<group>"; };
		285DAB952A90852E003DC46E /* EssentialFeedTests-Bridging-Header.h */ = {isa = PBXFileReference; lastKnownFileType = sourcecode.c.h; path = "EssentialFeedTests-Bridging-Header.h"; sourceTree = "<group>"; };
		285DAB962A90852E003DC46E /* LoadFeedFromRemoteUseCaseTests.swift */ = {isa = PBXFileReference; lastKnownFileType = sourcecode.swift; path = LoadFeedFromRemoteUseCaseTests.swift; sourceTree = "<group>"; };
		285DAB9A2A9086E6003DC46E /* RemoteFeedLoader.swift */ = {isa = PBXFileReference; lastKnownFileType = sourcecode.swift; path = RemoteFeedLoader.swift; sourceTree = "<group>"; };
		285DAB9D2A91C9D3003DC46E /* HTTPClient.swift */ = {isa = PBXFileReference; lastKnownFileType = sourcecode.swift; path = HTTPClient.swift; sourceTree = "<group>"; };
		285DAB9F2A91C9FA003DC46E /* FeedItemsMapper.swift */ = {isa = PBXFileReference; lastKnownFileType = sourcecode.swift; path = FeedItemsMapper.swift; sourceTree = "<group>"; };
		285DABA22A932AC4003DC46E /* URLSessionHTTPClientTests.swift */ = {isa = PBXFileReference; lastKnownFileType = sourcecode.swift; path = URLSessionHTTPClientTests.swift; sourceTree = "<group>"; };
		286917D82AAAE8CC00506360 /* CoreDataHelpers.swift */ = {isa = PBXFileReference; lastKnownFileType = sourcecode.swift; path = CoreDataHelpers.swift; sourceTree = "<group>"; };
		286917DA2AAAE8F800506360 /* ManagedCache.swift */ = {isa = PBXFileReference; lastKnownFileType = sourcecode.swift; path = ManagedCache.swift; sourceTree = "<group>"; };
		286917DC2AAAE90C00506360 /* ManagedFeedImage.swift */ = {isa = PBXFileReference; lastKnownFileType = sourcecode.swift; path = ManagedFeedImage.swift; sourceTree = "<group>"; };
		286917DE2AAAEA9200506360 /* .git */ = {isa = PBXFileReference; fileEncoding = 4; lastKnownFileType = text; path = .git; sourceTree = SOURCE_ROOT; };
		286917E42AAAF2C100506360 /* EssentialFeedCacheIntegrationTests.xctest */ = {isa = PBXFileReference; explicitFileType = wrapper.cfbundle; includeInIndex = 0; path = EssentialFeedCacheIntegrationTests.xctest; sourceTree = BUILT_PRODUCTS_DIR; };
		286917E62AAAF2C100506360 /* EssentialFeedCacheIntegrationTests.swift */ = {isa = PBXFileReference; lastKnownFileType = sourcecode.swift; path = EssentialFeedCacheIntegrationTests.swift; sourceTree = "<group>"; };
		286917EE2AAAF2F100506360 /* EssentialFeedCacheIntegrationTests.xctestplan */ = {isa = PBXFileReference; lastKnownFileType = text; path = EssentialFeedCacheIntegrationTests.xctestplan; sourceTree = "<group>"; };
		2876F09E2AA80F8400211B8C /* FeedStoreSpecs.swift */ = {isa = PBXFileReference; lastKnownFileType = sourcecode.swift; path = FeedStoreSpecs.swift; sourceTree = "<group>"; };
		2876F0A02AA80FBB00211B8C /* XCTestCase+FeedStoreSpecs.swift */ = {isa = PBXFileReference; lastKnownFileType = sourcecode.swift; path = "XCTestCase+FeedStoreSpecs.swift"; sourceTree = "<group>"; };
		2876F0A22AA8106D00211B8C /* XCTestCase+FailableRetrieveFeedStoreSpecs.swift */ = {isa = PBXFileReference; lastKnownFileType = sourcecode.swift; path = "XCTestCase+FailableRetrieveFeedStoreSpecs.swift"; sourceTree = "<group>"; };
		2876F0A42AA810B100211B8C /* XCTestCase+FailableInsertFeedStoreSpecs.swift */ = {isa = PBXFileReference; lastKnownFileType = sourcecode.swift; path = "XCTestCase+FailableInsertFeedStoreSpecs.swift"; sourceTree = "<group>"; };
		2876F0A62AA8110000211B8C /* XCTestCase+FailableDeleteFeedStoreSpecs.swift */ = {isa = PBXFileReference; lastKnownFileType = sourcecode.swift; path = "XCTestCase+FailableDeleteFeedStoreSpecs.swift"; sourceTree = "<group>"; };
		287B9EE82A987564009C5AC1 /* EssentialFeed.xctestplan */ = {isa = PBXFileReference; lastKnownFileType = text; path = EssentialFeed.xctestplan; sourceTree = "<group>"; };
		287B9EED2A987749009C5AC1 /* EssentialFeedAPIEndToEndTests.xctest */ = {isa = PBXFileReference; explicitFileType = wrapper.cfbundle; includeInIndex = 0; path = EssentialFeedAPIEndToEndTests.xctest; sourceTree = BUILT_PRODUCTS_DIR; };
		287B9EEF2A987749009C5AC1 /* EssentialFeedAPIEndToEndTests.swift */ = {isa = PBXFileReference; lastKnownFileType = sourcecode.swift; path = EssentialFeedAPIEndToEndTests.swift; sourceTree = "<group>"; };
		287B9EF82A987ACC009C5AC1 /* CI.xctestplan */ = {isa = PBXFileReference; lastKnownFileType = text; path = CI.xctestplan; sourceTree = SOURCE_ROOT; };
		288B6E052A9F110E0096B286 /* LocalFeedLoader.swift */ = {isa = PBXFileReference; lastKnownFileType = sourcecode.swift; path = LocalFeedLoader.swift; sourceTree = "<group>"; };
		288B6E072A9F114F0096B286 /* FeedStore.swift */ = {isa = PBXFileReference; lastKnownFileType = sourcecode.swift; path = FeedStore.swift; sourceTree = "<group>"; };
		288B6E092A9F17770096B286 /* RemoteFeedItem.swift */ = {isa = PBXFileReference; lastKnownFileType = sourcecode.swift; path = RemoteFeedItem.swift; sourceTree = "<group>"; };
		288B6E0B2A9F179D0096B286 /* LocalFeedImage.swift */ = {isa = PBXFileReference; lastKnownFileType = sourcecode.swift; path = LocalFeedImage.swift; sourceTree = "<group>"; };
		289E125E2AA965350022ED1F /* CoreDataFeedStoreTests.swift */ = {isa = PBXFileReference; lastKnownFileType = sourcecode.swift; path = CoreDataFeedStoreTests.swift; sourceTree = "<group>"; };
		289E12602AA965820022ED1F /* CoreDataFeedStore.swift */ = {isa = PBXFileReference; lastKnownFileType = sourcecode.swift; path = CoreDataFeedStore.swift; sourceTree = "<group>"; };
		289E12632AA965DE0022ED1F /* FeedStore.xcdatamodel */ = {isa = PBXFileReference; lastKnownFileType = wrapper.xcdatamodel; path = FeedStore.xcdatamodel; sourceTree = "<group>"; };
		28C9CBFD2AA1B18900749881 /* README.md */ = {isa = PBXFileReference; fileEncoding = 4; lastKnownFileType = net.daringfireball.markdown; path = README.md; sourceTree = SOURCE_ROOT; };
		28C9CBFF2AA1B59000749881 /* ValidateFeedCacheUseCaseTests.swift */ = {isa = PBXFileReference; lastKnownFileType = sourcecode.swift; path = ValidateFeedCacheUseCaseTests.swift; sourceTree = "<group>"; };
/* End PBXFileReference section */

/* Begin PBXFrameworksBuildPhase section */
		285DAB732A907009003DC46E /* Frameworks */ = {
			isa = PBXFrameworksBuildPhase;
			buildActionMask = 2147483647;
			files = (
			);
			runOnlyForDeploymentPostprocessing = 0;
		};
		285DAB7B2A907009003DC46E /* Frameworks */ = {
			isa = PBXFrameworksBuildPhase;
			buildActionMask = 2147483647;
			files = (
				285DAB7F2A907009003DC46E /* EssentialFeed.framework in Frameworks */,
			);
			runOnlyForDeploymentPostprocessing = 0;
		};
		286917E12AAAF2C100506360 /* Frameworks */ = {
			isa = PBXFrameworksBuildPhase;
			buildActionMask = 2147483647;
			files = (
				286917E82AAAF2C100506360 /* EssentialFeed.framework in Frameworks */,
			);
			runOnlyForDeploymentPostprocessing = 0;
		};
		287B9EEA2A987749009C5AC1 /* Frameworks */ = {
			isa = PBXFrameworksBuildPhase;
			buildActionMask = 2147483647;
			files = (
				287B9EF12A987749009C5AC1 /* EssentialFeed.framework in Frameworks */,
			);
			runOnlyForDeploymentPostprocessing = 0;
		};
/* End PBXFrameworksBuildPhase section */

/* Begin PBXGroup section */
		2822687E2A9725F700414A1C /* Helpers */ = {
			isa = PBXGroup;
			children = (
				2822687C2A9725F000414A1C /* XCTestCase+MemoryLeakTracking.swift */,
				2825E51C2AA1B8E1001DB4CA /* SharedTestHelpers.swift */,
			);
			path = Helpers;
			sourceTree = "<group>";
		};
		2823908D2AA028BC000B818B /* Helpers */ = {
			isa = PBXGroup;
			children = (
				2823908B2AA0286F000B818B /* FeedStoreSpy.swift */,
				2825E51A2AA1B79C001DB4CA /* FeedCacheTestHelpers.swift */,
				2876F0A82AA8115200211B8C /* FeedStoreSpecs */,
			);
			path = Helpers;
			sourceTree = "<group>";
		};
		2849BC2C2A9DC10F009781A9 /* Feed Cache */ = {
			isa = PBXGroup;
			children = (
				2823908D2AA028BC000B818B /* Helpers */,
				2849BC2A2A9DC107009781A9 /* CacheFeedUseCaseTests.swift */,
				282390892AA027C8000B818B /* LoadFeedFromCacheUseCaseTests.swift */,
				28C9CBFF2AA1B59000749881 /* ValidateFeedCacheUseCaseTests.swift */,
				289E125E2AA965350022ED1F /* CoreDataFeedStoreTests.swift */,
			);
			path = "Feed Cache";
			sourceTree = "<group>";
		};
		285DAB6C2A907009003DC46E = {
			isa = PBXGroup;
			children = (
				286917EE2AAAF2F100506360 /* EssentialFeedCacheIntegrationTests.xctestplan */,
				287B9EE82A987564009C5AC1 /* EssentialFeed.xctestplan */,
				284103522AA337B3003F6748 /* .github */,
				286917DE2AAAEA9200506360 /* .git */,
				285DAB782A907009003DC46E /* EssentialFeed */,
				285DAB822A907009003DC46E /* EssentialFeedTests */,
				287B9EEE2A987749009C5AC1 /* EssentialFeedAPIEndToEndTests */,
				286917E52AAAF2C100506360 /* EssentialFeedCacheIntegrationTests */,
				285DAB772A907009003DC46E /* Products */,
			);
			sourceTree = "<group>";
		};
		285DAB772A907009003DC46E /* Products */ = {
			isa = PBXGroup;
			children = (
				285DAB762A907009003DC46E /* EssentialFeed.framework */,
				285DAB7E2A907009003DC46E /* EssentialFeedTests.xctest */,
				287B9EED2A987749009C5AC1 /* EssentialFeedAPIEndToEndTests.xctest */,
				286917E42AAAF2C100506360 /* EssentialFeedCacheIntegrationTests.xctest */,
			);
			name = Products;
			sourceTree = "<group>";
		};
		285DAB782A907009003DC46E /* EssentialFeed */ = {
			isa = PBXGroup;
			children = (
				285DAB9C2A91C9C8003DC46E /* Feed API */,
				285DAB942A90740A003DC46E /* Feed feature */,
				288B6E0D2A9F17D50096B286 /* Feed Cache */,
				285DAB792A907009003DC46E /* EssentialFeed.h */,
			);
			path = EssentialFeed;
			sourceTree = "<group>";
		};
		285DAB822A907009003DC46E /* EssentialFeedTests */ = {
			isa = PBXGroup;
			children = (
				2822687E2A9725F700414A1C /* Helpers */,
				285DABA12A91CAE6003DC46E /* Feed API */,
				285DAB952A90852E003DC46E /* EssentialFeedTests-Bridging-Header.h */,
				2849BC2C2A9DC10F009781A9 /* Feed Cache */,
			);
			path = EssentialFeedTests;
			sourceTree = "<group>";
		};
		285DAB942A90740A003DC46E /* Feed feature */ = {
			isa = PBXGroup;
			children = (
				285DAB902A90737D003DC46E /* FeedImage.swift */,
				285DAB922A9073D3003DC46E /* FeedLoader.swift */,
			);
			path = "Feed feature";
			sourceTree = "<group>";
		};
		285DAB9C2A91C9C8003DC46E /* Feed API */ = {
			isa = PBXGroup;
			children = (
				285DAB9D2A91C9D3003DC46E /* HTTPClient.swift */,
				2822687F2A9727A700414A1C /* URLSessionHTTPClient.swift */,
				285DAB9A2A9086E6003DC46E /* RemoteFeedLoader.swift */,
				288B6E092A9F17770096B286 /* RemoteFeedItem.swift */,
				285DAB9F2A91C9FA003DC46E /* FeedItemsMapper.swift */,
			);
			path = "Feed API";
			sourceTree = "<group>";
		};
		285DABA12A91CAE6003DC46E /* Feed API */ = {
			isa = PBXGroup;
			children = (
				285DAB962A90852E003DC46E /* LoadFeedFromRemoteUseCaseTests.swift */,
				285DABA22A932AC4003DC46E /* URLSessionHTTPClientTests.swift */,
			);
			path = "Feed API";
			sourceTree = "<group>";
		};
		286917D52AAAE84900506360 /* Infrastructure */ = {
			isa = PBXGroup;
			children = (
				286917D62AAAE86A00506360 /* CoreData */,
			);
			path = Infrastructure;
			sourceTree = "<group>";
		};
		286917D62AAAE86A00506360 /* CoreData */ = {
			isa = PBXGroup;
			children = (
				286917DA2AAAE8F800506360 /* ManagedCache.swift */,
				286917DC2AAAE90C00506360 /* ManagedFeedImage.swift */,
				289E12602AA965820022ED1F /* CoreDataFeedStore.swift */,
				286917D82AAAE8CC00506360 /* CoreDataHelpers.swift */,
				289E12622AA965DE0022ED1F /* FeedStore.xcdatamodeld */,
			);
			path = CoreData;
			sourceTree = "<group>";
		};
		286917E52AAAF2C100506360 /* EssentialFeedCacheIntegrationTests */ = {
			isa = PBXGroup;
			children = (
				286917E62AAAF2C100506360 /* EssentialFeedCacheIntegrationTests.swift */,
			);
			path = EssentialFeedCacheIntegrationTests;
			sourceTree = "<group>";
		};
		2876F0A82AA8115200211B8C /* FeedStoreSpecs */ = {
			isa = PBXGroup;
			children = (
				2876F09E2AA80F8400211B8C /* FeedStoreSpecs.swift */,
				2876F0A02AA80FBB00211B8C /* XCTestCase+FeedStoreSpecs.swift */,
				2876F0A22AA8106D00211B8C /* XCTestCase+FailableRetrieveFeedStoreSpecs.swift */,
				2876F0A42AA810B100211B8C /* XCTestCase+FailableInsertFeedStoreSpecs.swift */,
				2876F0A62AA8110000211B8C /* XCTestCase+FailableDeleteFeedStoreSpecs.swift */,
			);
			path = FeedStoreSpecs;
			sourceTree = "<group>";
		};
		287B9EEE2A987749009C5AC1 /* EssentialFeedAPIEndToEndTests */ = {
			isa = PBXGroup;
			children = (
				287B9EEF2A987749009C5AC1 /* EssentialFeedAPIEndToEndTests.swift */,
				287B9EF82A987ACC009C5AC1 /* CI.xctestplan */,
				28C9CBFD2AA1B18900749881 /* README.md */,
			);
			path = EssentialFeedAPIEndToEndTests;
			sourceTree = "<group>";
		};
		288B6E0D2A9F17D50096B286 /* Feed Cache */ = {
			isa = PBXGroup;
			children = (
				288B6E072A9F114F0096B286 /* FeedStore.swift */,
				288B6E052A9F110E0096B286 /* LocalFeedLoader.swift */,
				288B6E0B2A9F179D0096B286 /* LocalFeedImage.swift */,
				284103502AA33683003F6748 /* FeedCachePolicy.swift */,
				286917D52AAAE84900506360 /* Infrastructure */,
			);
			path = "Feed Cache";
			sourceTree = "<group>";
		};
/* End PBXGroup section */

/* Begin PBXHeadersBuildPhase section */
		285DAB712A907009003DC46E /* Headers */ = {
			isa = PBXHeadersBuildPhase;
			buildActionMask = 2147483647;
			files = (
				285DAB852A907009003DC46E /* EssentialFeed.h in Headers */,
			);
			runOnlyForDeploymentPostprocessing = 0;
		};
/* End PBXHeadersBuildPhase section */

/* Begin PBXNativeTarget section */
		285DAB752A907009003DC46E /* EssentialFeed */ = {
			isa = PBXNativeTarget;
			buildConfigurationList = 285DAB882A907009003DC46E /* Build configuration list for PBXNativeTarget "EssentialFeed" */;
			buildPhases = (
				285DAB712A907009003DC46E /* Headers */,
				285DAB722A907009003DC46E /* Sources */,
				285DAB732A907009003DC46E /* Frameworks */,
				285DAB742A907009003DC46E /* Resources */,
			);
			buildRules = (
			);
			dependencies = (
			);
			name = EssentialFeed;
			productName = EssentialFeed;
			productReference = 285DAB762A907009003DC46E /* EssentialFeed.framework */;
			productType = "com.apple.product-type.framework";
		};
		285DAB7D2A907009003DC46E /* EssentialFeedTests */ = {
			isa = PBXNativeTarget;
			buildConfigurationList = 285DAB8B2A907009003DC46E /* Build configuration list for PBXNativeTarget "EssentialFeedTests" */;
			buildPhases = (
				285DAB7A2A907009003DC46E /* Sources */,
				285DAB7B2A907009003DC46E /* Frameworks */,
				285DAB7C2A907009003DC46E /* Resources */,
			);
			buildRules = (
			);
			dependencies = (
				285DAB812A907009003DC46E /* PBXTargetDependency */,
			);
			name = EssentialFeedTests;
			productName = EssentialFeedTests;
			productReference = 285DAB7E2A907009003DC46E /* EssentialFeedTests.xctest */;
			productType = "com.apple.product-type.bundle.unit-test";
		};
		286917E32AAAF2C100506360 /* EssentialFeedCacheIntegrationTests */ = {
			isa = PBXNativeTarget;
			buildConfigurationList = 286917EB2AAAF2C100506360 /* Build configuration list for PBXNativeTarget "EssentialFeedCacheIntegrationTests" */;
			buildPhases = (
				286917E02AAAF2C100506360 /* Sources */,
				286917E12AAAF2C100506360 /* Frameworks */,
				286917E22AAAF2C100506360 /* Resources */,
			);
			buildRules = (
			);
			dependencies = (
				286917EA2AAAF2C100506360 /* PBXTargetDependency */,
			);
			name = EssentialFeedCacheIntegrationTests;
			productName = EssentialFeedCacheIntegrationTests;
			productReference = 286917E42AAAF2C100506360 /* EssentialFeedCacheIntegrationTests.xctest */;
			productType = "com.apple.product-type.bundle.unit-test";
		};
		287B9EEC2A987749009C5AC1 /* EssentialFeedAPIEndToEndTests */ = {
			isa = PBXNativeTarget;
			buildConfigurationList = 287B9EF42A987749009C5AC1 /* Build configuration list for PBXNativeTarget "EssentialFeedAPIEndToEndTests" */;
			buildPhases = (
				287B9EE92A987749009C5AC1 /* Sources */,
				287B9EEA2A987749009C5AC1 /* Frameworks */,
				287B9EEB2A987749009C5AC1 /* Resources */,
			);
			buildRules = (
			);
			dependencies = (
				287B9EF32A987749009C5AC1 /* PBXTargetDependency */,
			);
			name = EssentialFeedAPIEndToEndTests;
			productName = EssentialFeedAPIEndToEndTests;
			productReference = 287B9EED2A987749009C5AC1 /* EssentialFeedAPIEndToEndTests.xctest */;
			productType = "com.apple.product-type.bundle.unit-test";
		};
/* End PBXNativeTarget section */

/* Begin PBXProject section */
		285DAB6D2A907009003DC46E /* Project object */ = {
			isa = PBXProject;
			attributes = {
				BuildIndependentTargetsInParallel = 1;
				LastSwiftUpdateCheck = 1430;
				LastUpgradeCheck = 1430;
				TargetAttributes = {
					285DAB752A907009003DC46E = {
						CreatedOnToolsVersion = 14.3.1;
						LastSwiftMigration = 1430;
					};
					285DAB7D2A907009003DC46E = {
						CreatedOnToolsVersion = 14.3.1;
						LastSwiftMigration = 1430;
					};
					286917E32AAAF2C100506360 = {
						CreatedOnToolsVersion = 14.3.1;
					};
					287B9EEC2A987749009C5AC1 = {
						CreatedOnToolsVersion = 14.3.1;
					};
				};
			};
			buildConfigurationList = 285DAB702A907009003DC46E /* Build configuration list for PBXProject "EssentialFeed" */;
			compatibilityVersion = "Xcode 14.0";
			developmentRegion = en;
			hasScannedForEncodings = 0;
			knownRegions = (
				en,
				Base,
			);
			mainGroup = 285DAB6C2A907009003DC46E;
			productRefGroup = 285DAB772A907009003DC46E /* Products */;
			projectDirPath = "";
			projectRoot = "";
			targets = (
				285DAB752A907009003DC46E /* EssentialFeed */,
				285DAB7D2A907009003DC46E /* EssentialFeedTests */,
				287B9EEC2A987749009C5AC1 /* EssentialFeedAPIEndToEndTests */,
				286917E32AAAF2C100506360 /* EssentialFeedCacheIntegrationTests */,
			);
		};
/* End PBXProject section */

/* Begin PBXResourcesBuildPhase section */
		285DAB742A907009003DC46E /* Resources */ = {
			isa = PBXResourcesBuildPhase;
			buildActionMask = 2147483647;
			files = (
				284103532AA337B3003F6748 /* .github in Resources */,
				28C9CBFE2AA1B18900749881 /* README.md in Resources */,
			);
			runOnlyForDeploymentPostprocessing = 0;
		};
		285DAB7C2A907009003DC46E /* Resources */ = {
			isa = PBXResourcesBuildPhase;
			buildActionMask = 2147483647;
			files = (
			);
			runOnlyForDeploymentPostprocessing = 0;
		};
		286917E22AAAF2C100506360 /* Resources */ = {
			isa = PBXResourcesBuildPhase;
			buildActionMask = 2147483647;
			files = (
			);
			runOnlyForDeploymentPostprocessing = 0;
		};
		287B9EEB2A987749009C5AC1 /* Resources */ = {
			isa = PBXResourcesBuildPhase;
			buildActionMask = 2147483647;
			files = (
				286917DF2AAAEA9200506360 /* .git in Resources */,
			);
			runOnlyForDeploymentPostprocessing = 0;
		};
/* End PBXResourcesBuildPhase section */

/* Begin PBXSourcesBuildPhase section */
		285DAB722A907009003DC46E /* Sources */ = {
			isa = PBXSourcesBuildPhase;
			buildActionMask = 2147483647;
			files = (
				286917D92AAAE8CC00506360 /* CoreDataHelpers.swift in Sources */,
				285DABA02A91C9FA003DC46E /* FeedItemsMapper.swift in Sources */,
				285DAB932A9073D3003DC46E /* FeedLoader.swift in Sources */,
				288B6E0A2A9F17770096B286 /* RemoteFeedItem.swift in Sources */,
				284103512AA33683003F6748 /* FeedCachePolicy.swift in Sources */,
				285DAB9B2A9086E6003DC46E /* RemoteFeedLoader.swift in Sources */,
				289E12642AA965DE0022ED1F /* FeedStore.xcdatamodeld in Sources */,
				288B6E0C2A9F179D0096B286 /* LocalFeedImage.swift in Sources */,
				288B6E082A9F114F0096B286 /* FeedStore.swift in Sources */,
				288B6E062A9F110E0096B286 /* LocalFeedLoader.swift in Sources */,
				285DAB9E2A91C9D3003DC46E /* HTTPClient.swift in Sources */,
				285DAB912A90737D003DC46E /* FeedImage.swift in Sources */,
				282268802A9727A700414A1C /* URLSessionHTTPClient.swift in Sources */,
				286917DB2AAAE8F800506360 /* ManagedCache.swift in Sources */,
				289E12612AA965820022ED1F /* CoreDataFeedStore.swift in Sources */,
				286917DD2AAAE90C00506360 /* ManagedFeedImage.swift in Sources */,
			);
			runOnlyForDeploymentPostprocessing = 0;
		};
		285DAB7A2A907009003DC46E /* Sources */ = {
			isa = PBXSourcesBuildPhase;
			buildActionMask = 2147483647;
			files = (
				2825E51B2AA1B79C001DB4CA /* FeedCacheTestHelpers.swift in Sources */,
				28C9CC002AA1B59000749881 /* ValidateFeedCacheUseCaseTests.swift in Sources */,
				285DAB972A90852E003DC46E /* LoadFeedFromRemoteUseCaseTests.swift in Sources */,
				2876F0A52AA810B100211B8C /* XCTestCase+FailableInsertFeedStoreSpecs.swift in Sources */,
				285DABA32A932AC4003DC46E /* URLSessionHTTPClientTests.swift in Sources */,
				2823908C2AA0286F000B818B /* FeedStoreSpy.swift in Sources */,
				2825E51D2AA1B8E1001DB4CA /* SharedTestHelpers.swift in Sources */,
				2849BC2B2A9DC107009781A9 /* CacheFeedUseCaseTests.swift in Sources */,
				2876F0A72AA8110000211B8C /* XCTestCase+FailableDeleteFeedStoreSpecs.swift in Sources */,
				2876F0A32AA8106D00211B8C /* XCTestCase+FailableRetrieveFeedStoreSpecs.swift in Sources */,
				2823908A2AA027C8000B818B /* LoadFeedFromCacheUseCaseTests.swift in Sources */,
				2876F09F2AA80F8400211B8C /* FeedStoreSpecs.swift in Sources */,
				2822687D2A9725F000414A1C /* XCTestCase+MemoryLeakTracking.swift in Sources */,
				289E125F2AA965350022ED1F /* CoreDataFeedStoreTests.swift in Sources */,
				2876F0A12AA80FBB00211B8C /* XCTestCase+FeedStoreSpecs.swift in Sources */,
			);
			runOnlyForDeploymentPostprocessing = 0;
		};
		286917E02AAAF2C100506360 /* Sources */ = {
			isa = PBXSourcesBuildPhase;
			buildActionMask = 2147483647;
			files = (
				286917F12AAAF3C500506360 /* SharedTestHelpers.swift in Sources */,
				286917E72AAAF2C100506360 /* EssentialFeedCacheIntegrationTests.swift in Sources */,
				286917F02AAAF3BB00506360 /* FeedCacheTestHelpers.swift in Sources */,
				286917EF2AAAF36F00506360 /* XCTestCase+MemoryLeakTracking.swift in Sources */,
			);
			runOnlyForDeploymentPostprocessing = 0;
		};
		287B9EE92A987749009C5AC1 /* Sources */ = {
			isa = PBXSourcesBuildPhase;
			buildActionMask = 2147483647;
			files = (
				287B9EF02A987749009C5AC1 /* EssentialFeedAPIEndToEndTests.swift in Sources */,
				287B9EF72A987A3D009C5AC1 /* XCTestCase+MemoryLeakTracking.swift in Sources */,
			);
			runOnlyForDeploymentPostprocessing = 0;
		};
/* End PBXSourcesBuildPhase section */

/* Begin PBXTargetDependency section */
		285DAB812A907009003DC46E /* PBXTargetDependency */ = {
			isa = PBXTargetDependency;
			target = 285DAB752A907009003DC46E /* EssentialFeed */;
			targetProxy = 285DAB802A907009003DC46E /* PBXContainerItemProxy */;
		};
		286917EA2AAAF2C100506360 /* PBXTargetDependency */ = {
			isa = PBXTargetDependency;
			target = 285DAB752A907009003DC46E /* EssentialFeed */;
			targetProxy = 286917E92AAAF2C100506360 /* PBXContainerItemProxy */;
		};
		287B9EF32A987749009C5AC1 /* PBXTargetDependency */ = {
			isa = PBXTargetDependency;
			target = 285DAB752A907009003DC46E /* EssentialFeed */;
			targetProxy = 287B9EF22A987749009C5AC1 /* PBXContainerItemProxy */;
		};
/* End PBXTargetDependency section */

/* Begin XCBuildConfiguration section */
		285DAB862A907009003DC46E /* Debug */ = {
			isa = XCBuildConfiguration;
			buildSettings = {
				ALWAYS_SEARCH_USER_PATHS = NO;
				CLANG_ANALYZER_NONNULL = YES;
				CLANG_ANALYZER_NUMBER_OBJECT_CONVERSION = YES_AGGRESSIVE;
				CLANG_CXX_LANGUAGE_STANDARD = "gnu++20";
				CLANG_ENABLE_MODULES = YES;
				CLANG_ENABLE_OBJC_ARC = YES;
				CLANG_ENABLE_OBJC_WEAK = YES;
				CLANG_WARN_BLOCK_CAPTURE_AUTORELEASING = YES;
				CLANG_WARN_BOOL_CONVERSION = YES;
				CLANG_WARN_COMMA = YES;
				CLANG_WARN_CONSTANT_CONVERSION = YES;
				CLANG_WARN_DEPRECATED_OBJC_IMPLEMENTATIONS = YES;
				CLANG_WARN_DIRECT_OBJC_ISA_USAGE = YES_ERROR;
				CLANG_WARN_DOCUMENTATION_COMMENTS = YES;
				CLANG_WARN_EMPTY_BODY = YES;
				CLANG_WARN_ENUM_CONVERSION = YES;
				CLANG_WARN_INFINITE_RECURSION = YES;
				CLANG_WARN_INT_CONVERSION = YES;
				CLANG_WARN_NON_LITERAL_NULL_CONVERSION = YES;
				CLANG_WARN_OBJC_IMPLICIT_RETAIN_SELF = YES;
				CLANG_WARN_OBJC_LITERAL_CONVERSION = YES;
				CLANG_WARN_OBJC_ROOT_CLASS = YES_ERROR;
				CLANG_WARN_QUOTED_INCLUDE_IN_FRAMEWORK_HEADER = YES;
				CLANG_WARN_RANGE_LOOP_ANALYSIS = YES;
				CLANG_WARN_STRICT_PROTOTYPES = YES;
				CLANG_WARN_SUSPICIOUS_MOVE = YES;
				CLANG_WARN_UNGUARDED_AVAILABILITY = YES_AGGRESSIVE;
				CLANG_WARN_UNREACHABLE_CODE = YES;
				CLANG_WARN__DUPLICATE_METHOD_MATCH = YES;
				COPY_PHASE_STRIP = NO;
				CURRENT_PROJECT_VERSION = 1;
				DEBUG_INFORMATION_FORMAT = dwarf;
				ENABLE_STRICT_OBJC_MSGSEND = YES;
				ENABLE_TESTABILITY = YES;
				GCC_C_LANGUAGE_STANDARD = gnu11;
				GCC_DYNAMIC_NO_PIC = NO;
				GCC_NO_COMMON_BLOCKS = YES;
				GCC_OPTIMIZATION_LEVEL = 0;
				GCC_PREPROCESSOR_DEFINITIONS = (
					"DEBUG=1",
					"$(inherited)",
				);
				GCC_WARN_64_TO_32_BIT_CONVERSION = YES;
				GCC_WARN_ABOUT_RETURN_TYPE = YES_ERROR;
				GCC_WARN_UNDECLARED_SELECTOR = YES;
				GCC_WARN_UNINITIALIZED_AUTOS = YES_AGGRESSIVE;
				GCC_WARN_UNUSED_FUNCTION = YES;
				GCC_WARN_UNUSED_VARIABLE = YES;
				MACOSX_DEPLOYMENT_TARGET = 13.3;
				MTL_ENABLE_DEBUG_INFO = INCLUDE_SOURCE;
				MTL_FAST_MATH = YES;
				ONLY_ACTIVE_ARCH = YES;
				SDKROOT = macosx;
				SWIFT_ACTIVE_COMPILATION_CONDITIONS = DEBUG;
				SWIFT_OPTIMIZATION_LEVEL = "-Onone";
				VERSIONING_SYSTEM = "apple-generic";
				VERSION_INFO_PREFIX = "";
			};
			name = Debug;
		};
		285DAB872A907009003DC46E /* Release */ = {
			isa = XCBuildConfiguration;
			buildSettings = {
				ALWAYS_SEARCH_USER_PATHS = NO;
				CLANG_ANALYZER_NONNULL = YES;
				CLANG_ANALYZER_NUMBER_OBJECT_CONVERSION = YES_AGGRESSIVE;
				CLANG_CXX_LANGUAGE_STANDARD = "gnu++20";
				CLANG_ENABLE_MODULES = YES;
				CLANG_ENABLE_OBJC_ARC = YES;
				CLANG_ENABLE_OBJC_WEAK = YES;
				CLANG_WARN_BLOCK_CAPTURE_AUTORELEASING = YES;
				CLANG_WARN_BOOL_CONVERSION = YES;
				CLANG_WARN_COMMA = YES;
				CLANG_WARN_CONSTANT_CONVERSION = YES;
				CLANG_WARN_DEPRECATED_OBJC_IMPLEMENTATIONS = YES;
				CLANG_WARN_DIRECT_OBJC_ISA_USAGE = YES_ERROR;
				CLANG_WARN_DOCUMENTATION_COMMENTS = YES;
				CLANG_WARN_EMPTY_BODY = YES;
				CLANG_WARN_ENUM_CONVERSION = YES;
				CLANG_WARN_INFINITE_RECURSION = YES;
				CLANG_WARN_INT_CONVERSION = YES;
				CLANG_WARN_NON_LITERAL_NULL_CONVERSION = YES;
				CLANG_WARN_OBJC_IMPLICIT_RETAIN_SELF = YES;
				CLANG_WARN_OBJC_LITERAL_CONVERSION = YES;
				CLANG_WARN_OBJC_ROOT_CLASS = YES_ERROR;
				CLANG_WARN_QUOTED_INCLUDE_IN_FRAMEWORK_HEADER = YES;
				CLANG_WARN_RANGE_LOOP_ANALYSIS = YES;
				CLANG_WARN_STRICT_PROTOTYPES = YES;
				CLANG_WARN_SUSPICIOUS_MOVE = YES;
				CLANG_WARN_UNGUARDED_AVAILABILITY = YES_AGGRESSIVE;
				CLANG_WARN_UNREACHABLE_CODE = YES;
				CLANG_WARN__DUPLICATE_METHOD_MATCH = YES;
				COPY_PHASE_STRIP = NO;
				CURRENT_PROJECT_VERSION = 1;
				DEBUG_INFORMATION_FORMAT = "dwarf-with-dsym";
				ENABLE_NS_ASSERTIONS = NO;
				ENABLE_STRICT_OBJC_MSGSEND = YES;
				GCC_C_LANGUAGE_STANDARD = gnu11;
				GCC_NO_COMMON_BLOCKS = YES;
				GCC_WARN_64_TO_32_BIT_CONVERSION = YES;
				GCC_WARN_ABOUT_RETURN_TYPE = YES_ERROR;
				GCC_WARN_UNDECLARED_SELECTOR = YES;
				GCC_WARN_UNINITIALIZED_AUTOS = YES_AGGRESSIVE;
				GCC_WARN_UNUSED_FUNCTION = YES;
				GCC_WARN_UNUSED_VARIABLE = YES;
				MACOSX_DEPLOYMENT_TARGET = 13.3;
				MTL_ENABLE_DEBUG_INFO = NO;
				MTL_FAST_MATH = YES;
				SDKROOT = macosx;
				SWIFT_COMPILATION_MODE = wholemodule;
				SWIFT_OPTIMIZATION_LEVEL = "-O";
				VERSIONING_SYSTEM = "apple-generic";
				VERSION_INFO_PREFIX = "";
			};
			name = Release;
		};
		285DAB892A907009003DC46E /* Debug */ = {
			isa = XCBuildConfiguration;
			buildSettings = {
				CLANG_ENABLE_MODULES = YES;
				CODE_SIGN_STYLE = Automatic;
				COMBINE_HIDPI_IMAGES = YES;
				CURRENT_PROJECT_VERSION = 1;
				DEFINES_MODULE = YES;
				DEVELOPMENT_TEAM = 5X8H5M27DY;
				DYLIB_COMPATIBILITY_VERSION = 1;
				DYLIB_CURRENT_VERSION = 1;
				DYLIB_INSTALL_NAME_BASE = "@rpath";
				ENABLE_MODULE_VERIFIER = YES;
				GENERATE_INFOPLIST_FILE = YES;
				INFOPLIST_KEY_NSHumanReadableCopyright = "";
				INSTALL_PATH = "$(LOCAL_LIBRARY_DIR)/Frameworks";
				LD_RUNPATH_SEARCH_PATHS = (
					"$(inherited)",
					"@executable_path/../Frameworks",
					"@loader_path/Frameworks",
				);
				MARKETING_VERSION = 1.0;
				MODULE_VERIFIER_SUPPORTED_LANGUAGES = "objective-c objective-c++";
				MODULE_VERIFIER_SUPPORTED_LANGUAGE_STANDARDS = "gnu11 gnu++20";
				PRODUCT_BUNDLE_IDENTIFIER = com.jainullas.EssentialFeed;
				PRODUCT_NAME = "$(TARGET_NAME:c99extidentifier)";
				SKIP_INSTALL = YES;
				SWIFT_EMIT_LOC_STRINGS = YES;
				SWIFT_OPTIMIZATION_LEVEL = "-Onone";
				SWIFT_VERSION = 5.0;
			};
			name = Debug;
		};
		285DAB8A2A907009003DC46E /* Release */ = {
			isa = XCBuildConfiguration;
			buildSettings = {
				CLANG_ENABLE_MODULES = YES;
				CODE_SIGN_STYLE = Automatic;
				COMBINE_HIDPI_IMAGES = YES;
				CURRENT_PROJECT_VERSION = 1;
				DEFINES_MODULE = YES;
				DEVELOPMENT_TEAM = 5X8H5M27DY;
				DYLIB_COMPATIBILITY_VERSION = 1;
				DYLIB_CURRENT_VERSION = 1;
				DYLIB_INSTALL_NAME_BASE = "@rpath";
				ENABLE_MODULE_VERIFIER = YES;
				GENERATE_INFOPLIST_FILE = YES;
				INFOPLIST_KEY_NSHumanReadableCopyright = "";
				INSTALL_PATH = "$(LOCAL_LIBRARY_DIR)/Frameworks";
				LD_RUNPATH_SEARCH_PATHS = (
					"$(inherited)",
					"@executable_path/../Frameworks",
					"@loader_path/Frameworks",
				);
				MARKETING_VERSION = 1.0;
				MODULE_VERIFIER_SUPPORTED_LANGUAGES = "objective-c objective-c++";
				MODULE_VERIFIER_SUPPORTED_LANGUAGE_STANDARDS = "gnu11 gnu++20";
				PRODUCT_BUNDLE_IDENTIFIER = com.jainullas.EssentialFeed;
				PRODUCT_NAME = "$(TARGET_NAME:c99extidentifier)";
				SKIP_INSTALL = YES;
				SWIFT_EMIT_LOC_STRINGS = YES;
				SWIFT_VERSION = 5.0;
			};
			name = Release;
		};
		285DAB8C2A907009003DC46E /* Debug */ = {
			isa = XCBuildConfiguration;
			buildSettings = {
				ALWAYS_EMBED_SWIFT_STANDARD_LIBRARIES = YES;
				CLANG_ENABLE_MODULES = YES;
				CODE_SIGN_STYLE = Automatic;
				CURRENT_PROJECT_VERSION = 1;
				DEVELOPMENT_TEAM = 5X8H5M27DY;
				GENERATE_INFOPLIST_FILE = YES;
				MARKETING_VERSION = 1.0;
				PRODUCT_BUNDLE_IDENTIFIER = com.jainullas.EssentialFeedTests;
				PRODUCT_NAME = "$(TARGET_NAME)";
				SWIFT_EMIT_LOC_STRINGS = NO;
				SWIFT_OBJC_BRIDGING_HEADER = "EssentialFeedTests/EssentialFeedTests-Bridging-Header.h";
				SWIFT_OPTIMIZATION_LEVEL = "-Onone";
				SWIFT_VERSION = 5.0;
			};
			name = Debug;
		};
		285DAB8D2A907009003DC46E /* Release */ = {
			isa = XCBuildConfiguration;
			buildSettings = {
				ALWAYS_EMBED_SWIFT_STANDARD_LIBRARIES = YES;
				CLANG_ENABLE_MODULES = YES;
				CODE_SIGN_STYLE = Automatic;
				CURRENT_PROJECT_VERSION = 1;
				DEVELOPMENT_TEAM = 5X8H5M27DY;
				GENERATE_INFOPLIST_FILE = YES;
				MARKETING_VERSION = 1.0;
				PRODUCT_BUNDLE_IDENTIFIER = com.jainullas.EssentialFeedTests;
				PRODUCT_NAME = "$(TARGET_NAME)";
				SWIFT_EMIT_LOC_STRINGS = NO;
				SWIFT_OBJC_BRIDGING_HEADER = "EssentialFeedTests/EssentialFeedTests-Bridging-Header.h";
				SWIFT_VERSION = 5.0;
			};
			name = Release;
		};
		286917EC2AAAF2C100506360 /* Debug */ = {
			isa = XCBuildConfiguration;
			buildSettings = {
				CODE_SIGN_STYLE = Automatic;
				CURRENT_PROJECT_VERSION = 1;
				DEVELOPMENT_TEAM = 5X8H5M27DY;
				GENERATE_INFOPLIST_FILE = YES;
				MARKETING_VERSION = 1.0;
				PRODUCT_BUNDLE_IDENTIFIER = com.jainullas.EssentialFeedCacheIntegrationTests;
				PRODUCT_NAME = "$(TARGET_NAME)";
				SWIFT_EMIT_LOC_STRINGS = NO;
				SWIFT_VERSION = 5.0;
			};
			name = Debug;
		};
		286917ED2AAAF2C100506360 /* Release */ = {
			isa = XCBuildConfiguration;
			buildSettings = {
				CODE_SIGN_STYLE = Automatic;
				CURRENT_PROJECT_VERSION = 1;
				DEVELOPMENT_TEAM = 5X8H5M27DY;
				GENERATE_INFOPLIST_FILE = YES;
				MARKETING_VERSION = 1.0;
				PRODUCT_BUNDLE_IDENTIFIER = com.jainullas.EssentialFeedCacheIntegrationTests;
				PRODUCT_NAME = "$(TARGET_NAME)";
				SWIFT_EMIT_LOC_STRINGS = NO;
				SWIFT_VERSION = 5.0;
			};
			name = Release;
		};
		287B9EF52A987749009C5AC1 /* Debug */ = {
			isa = XCBuildConfiguration;
			buildSettings = {
				CODE_SIGN_STYLE = Automatic;
				CURRENT_PROJECT_VERSION = 1;
				DEVELOPMENT_TEAM = 5X8H5M27DY;
				GENERATE_INFOPLIST_FILE = YES;
				MARKETING_VERSION = 1.0;
				PRODUCT_BUNDLE_IDENTIFIER = com.jainullas.EssentialFeedAPIEndToEndTests;
				PRODUCT_NAME = "$(TARGET_NAME)";
				SWIFT_EMIT_LOC_STRINGS = NO;
				SWIFT_VERSION = 5.0;
			};
			name = Debug;
		};
		287B9EF62A987749009C5AC1 /* Release */ = {
			isa = XCBuildConfiguration;
			buildSettings = {
				CODE_SIGN_STYLE = Automatic;
				CURRENT_PROJECT_VERSION = 1;
				DEVELOPMENT_TEAM = 5X8H5M27DY;
				GENERATE_INFOPLIST_FILE = YES;
				MARKETING_VERSION = 1.0;
				PRODUCT_BUNDLE_IDENTIFIER = com.jainullas.EssentialFeedAPIEndToEndTests;
				PRODUCT_NAME = "$(TARGET_NAME)";
				SWIFT_EMIT_LOC_STRINGS = NO;
				SWIFT_VERSION = 5.0;
			};
			name = Release;
		};
/* End XCBuildConfiguration section */

/* Begin XCConfigurationList section */
		285DAB702A907009003DC46E /* Build configuration list for PBXProject "EssentialFeed" */ = {
			isa = XCConfigurationList;
			buildConfigurations = (
				285DAB862A907009003DC46E /* Debug */,
				285DAB872A907009003DC46E /* Release */,
			);
			defaultConfigurationIsVisible = 0;
			defaultConfigurationName = Release;
		};
		285DAB882A907009003DC46E /* Build configuration list for PBXNativeTarget "EssentialFeed" */ = {
			isa = XCConfigurationList;
			buildConfigurations = (
				285DAB892A907009003DC46E /* Debug */,
				285DAB8A2A907009003DC46E /* Release */,
			);
			defaultConfigurationIsVisible = 0;
			defaultConfigurationName = Release;
		};
		285DAB8B2A907009003DC46E /* Build configuration list for PBXNativeTarget "EssentialFeedTests" */ = {
			isa = XCConfigurationList;
			buildConfigurations = (
				285DAB8C2A907009003DC46E /* Debug */,
				285DAB8D2A907009003DC46E /* Release */,
			);
			defaultConfigurationIsVisible = 0;
			defaultConfigurationName = Release;
		};
		286917EB2AAAF2C100506360 /* Build configuration list for PBXNativeTarget "EssentialFeedCacheIntegrationTests" */ = {
			isa = XCConfigurationList;
			buildConfigurations = (
				286917EC2AAAF2C100506360 /* Debug */,
				286917ED2AAAF2C100506360 /* Release */,
			);
			defaultConfigurationIsVisible = 0;
			defaultConfigurationName = Release;
		};
		287B9EF42A987749009C5AC1 /* Build configuration list for PBXNativeTarget "EssentialFeedAPIEndToEndTests" */ = {
			isa = XCConfigurationList;
			buildConfigurations = (
				287B9EF52A987749009C5AC1 /* Debug */,
				287B9EF62A987749009C5AC1 /* Release */,
			);
			defaultConfigurationIsVisible = 0;
			defaultConfigurationName = Release;
		};
/* End XCConfigurationList section */

/* Begin XCVersionGroup section */
		289E12622AA965DE0022ED1F /* FeedStore.xcdatamodeld */ = {
			isa = XCVersionGroup;
			children = (
				289E12632AA965DE0022ED1F /* FeedStore.xcdatamodel */,
			);
			currentVersion = 289E12632AA965DE0022ED1F /* FeedStore.xcdatamodel */;
			path = FeedStore.xcdatamodeld;
			sourceTree = "<group>";
			versionGroupType = wrapper.xcdatamodel;
		};
/* End XCVersionGroup section */
	};
	rootObject = 285DAB6D2A907009003DC46E /* Project object */;
}
