// !$*UTF8*$!
{
	archiveVersion = 1;
	classes = {
	};
	objectVersion = 56;
	objects = {

/* Begin PBXBuildFile section */
		7867EFA52AEBD1B400C5F85F /* FeedLoaderCacheDecoratorTests.swift in Sources */ = {isa = PBXBuildFile; fileRef = 7867EFA42AEBD1B400C5F85F /* FeedLoaderCacheDecoratorTests.swift */; };
		7867EFA72AEBD27000C5F85F /* FeedLoaderStub.swift in Sources */ = {isa = PBXBuildFile; fileRef = 7867EFA62AEBD27000C5F85F /* FeedLoaderStub.swift */; };
		7867EFAA2AEBD2F500C5F85F /* XCTestCase+FeedLoader.swift in Sources */ = {isa = PBXBuildFile; fileRef = 7867EFA92AEBD2F500C5F85F /* XCTestCase+FeedLoader.swift */; };
		7867EFAE2AEBD6C200C5F85F /* FeedLoaderCacheDecorator.swift in Sources */ = {isa = PBXBuildFile; fileRef = 7867EFAD2AEBD6C200C5F85F /* FeedLoaderCacheDecorator.swift */; };
		787786AA2AEA33E9001C46B0 /* FeedLoaderWithFallbackCompositeTests.swift in Sources */ = {isa = PBXBuildFile; fileRef = 787786A92AEA33E9001C46B0 /* FeedLoaderWithFallbackCompositeTests.swift */; };
		787786AC2AEA36DD001C46B0 /* FeedLoaderWithFallbackComposite.swift in Sources */ = {isa = PBXBuildFile; fileRef = 787786AB2AEA36DD001C46B0 /* FeedLoaderWithFallbackComposite.swift */; };
		787786AE2AEA399B001C46B0 /* FeedImageDataLoaderWithFallbackCompositeTests.swift in Sources */ = {isa = PBXBuildFile; fileRef = 787786AD2AEA399B001C46B0 /* FeedImageDataLoaderWithFallbackCompositeTests.swift */; };
		787786B02AEA49CA001C46B0 /* FeedImageDataLoaderWithFallbackComposite.swift in Sources */ = {isa = PBXBuildFile; fileRef = 787786AF2AEA49CA001C46B0 /* FeedImageDataLoaderWithFallbackComposite.swift */; };
		787786B22AEA4A04001C46B0 /* XCTestCase+MemoryLeakTracking.swift in Sources */ = {isa = PBXBuildFile; fileRef = 787786B12AEA4A04001C46B0 /* XCTestCase+MemoryLeakTracking.swift */; };
		787786B42AEA4A2D001C46B0 /* SharedTestHelpers.swift in Sources */ = {isa = PBXBuildFile; fileRef = 787786B32AEA4A2D001C46B0 /* SharedTestHelpers.swift */; };
		7897B3512AE90EAC00021BC7 /* EssentialFeed.framework in Frameworks */ = {isa = PBXBuildFile; fileRef = 7897B34F2AE90EAC00021BC7 /* EssentialFeed.framework */; };
		7897B3522AE90EAC00021BC7 /* EssentialFeed.framework in Embed Frameworks */ = {isa = PBXBuildFile; fileRef = 7897B34F2AE90EAC00021BC7 /* EssentialFeed.framework */; settings = {ATTRIBUTES = (CodeSignOnCopy, RemoveHeadersOnCopy, ); }; };
		7897B3532AE90EAC00021BC7 /* EssentialFeediOS.framework in Frameworks */ = {isa = PBXBuildFile; fileRef = 7897B3502AE90EAC00021BC7 /* EssentialFeediOS.framework */; };
		7897B3542AE90EAC00021BC7 /* EssentialFeediOS.framework in Embed Frameworks */ = {isa = PBXBuildFile; fileRef = 7897B3502AE90EAC00021BC7 /* EssentialFeediOS.framework */; settings = {ATTRIBUTES = (CodeSignOnCopy, RemoveHeadersOnCopy, ); }; };
		78F5B59C2AE90A6F0089F52F /* AppDelegate.swift in Sources */ = {isa = PBXBuildFile; fileRef = 78F5B59B2AE90A6F0089F52F /* AppDelegate.swift */; };
		78F5B59E2AE90A6F0089F52F /* SceneDelegate.swift in Sources */ = {isa = PBXBuildFile; fileRef = 78F5B59D2AE90A6F0089F52F /* SceneDelegate.swift */; };
		78F5B5A02AE90A6F0089F52F /* ViewController.swift in Sources */ = {isa = PBXBuildFile; fileRef = 78F5B59F2AE90A6F0089F52F /* ViewController.swift */; };
		78F5B5A32AE90A6F0089F52F /* Main.storyboard in Resources */ = {isa = PBXBuildFile; fileRef = 78F5B5A12AE90A6F0089F52F /* Main.storyboard */; };
		78F5B5A52AE90A6F0089F52F /* Assets.xcassets in Resources */ = {isa = PBXBuildFile; fileRef = 78F5B5A42AE90A6F0089F52F /* Assets.xcassets */; };
		78F5B5A82AE90A6F0089F52F /* LaunchScreen.storyboard in Resources */ = {isa = PBXBuildFile; fileRef = 78F5B5A62AE90A6F0089F52F /* LaunchScreen.storyboard */; };
/* End PBXBuildFile section */

/* Begin PBXContainerItemProxy section */
		787786A32AEA3367001C46B0 /* PBXContainerItemProxy */ = {
			isa = PBXContainerItemProxy;
			containerPortal = 78F5B5902AE90A6F0089F52F /* Project object */;
			proxyType = 1;
			remoteGlobalIDString = 78F5B5972AE90A6F0089F52F;
			remoteInfo = EssentialApp;
		};
/* End PBXContainerItemProxy section */

/* Begin PBXCopyFilesBuildPhase section */
		7897B3552AE90EAC00021BC7 /* Embed Frameworks */ = {
			isa = PBXCopyFilesBuildPhase;
			buildActionMask = 2147483647;
			dstPath = "";
			dstSubfolderSpec = 10;
			files = (
				7897B3522AE90EAC00021BC7 /* EssentialFeed.framework in Embed Frameworks */,
				7897B3542AE90EAC00021BC7 /* EssentialFeediOS.framework in Embed Frameworks */,
			);
			name = "Embed Frameworks";
			runOnlyForDeploymentPostprocessing = 0;
		};
/* End PBXCopyFilesBuildPhase section */

/* Begin PBXFileReference section */
		7867EFA42AEBD1B400C5F85F /* FeedLoaderCacheDecoratorTests.swift */ = {isa = PBXFileReference; lastKnownFileType = sourcecode.swift; path = FeedLoaderCacheDecoratorTests.swift; sourceTree = "<group>"; };
		7867EFA62AEBD27000C5F85F /* FeedLoaderStub.swift */ = {isa = PBXFileReference; lastKnownFileType = sourcecode.swift; path = FeedLoaderStub.swift; sourceTree = "<group>"; };
		7867EFA92AEBD2F500C5F85F /* XCTestCase+FeedLoader.swift */ = {isa = PBXFileReference; lastKnownFileType = sourcecode.swift; path = "XCTestCase+FeedLoader.swift"; sourceTree = "<group>"; };
		7867EFAD2AEBD6C200C5F85F /* FeedLoaderCacheDecorator.swift */ = {isa = PBXFileReference; lastKnownFileType = sourcecode.swift; path = FeedLoaderCacheDecorator.swift; sourceTree = "<group>"; };
		7877869F2AEA3367001C46B0 /* EssentialAppTests.xctest */ = {isa = PBXFileReference; explicitFileType = wrapper.cfbundle; includeInIndex = 0; path = EssentialAppTests.xctest; sourceTree = BUILT_PRODUCTS_DIR; };
		787786A82AEA33E9001C46B0 /* EssentialAppTests-Bridging-Header.h */ = {isa = PBXFileReference; lastKnownFileType = sourcecode.c.h; path = "EssentialAppTests-Bridging-Header.h"; sourceTree = "<group>"; };
		787786A92AEA33E9001C46B0 /* FeedLoaderWithFallbackCompositeTests.swift */ = {isa = PBXFileReference; lastKnownFileType = sourcecode.swift; path = FeedLoaderWithFallbackCompositeTests.swift; sourceTree = "<group>"; };
		787786AB2AEA36DD001C46B0 /* FeedLoaderWithFallbackComposite.swift */ = {isa = PBXFileReference; lastKnownFileType = sourcecode.swift; path = FeedLoaderWithFallbackComposite.swift; sourceTree = "<group>"; };
		787786AD2AEA399B001C46B0 /* FeedImageDataLoaderWithFallbackCompositeTests.swift */ = {isa = PBXFileReference; lastKnownFileType = sourcecode.swift; path = FeedImageDataLoaderWithFallbackCompositeTests.swift; sourceTree = "<group>"; };
		787786AF2AEA49CA001C46B0 /* FeedImageDataLoaderWithFallbackComposite.swift */ = {isa = PBXFileReference; lastKnownFileType = sourcecode.swift; path = FeedImageDataLoaderWithFallbackComposite.swift; sourceTree = "<group>"; };
		787786B12AEA4A04001C46B0 /* XCTestCase+MemoryLeakTracking.swift */ = {isa = PBXFileReference; lastKnownFileType = sourcecode.swift; path = "XCTestCase+MemoryLeakTracking.swift"; sourceTree = "<group>"; };
		787786B32AEA4A2D001C46B0 /* SharedTestHelpers.swift */ = {isa = PBXFileReference; lastKnownFileType = sourcecode.swift; path = SharedTestHelpers.swift; sourceTree = "<group>"; };
		7897B34F2AE90EAC00021BC7 /* EssentialFeed.framework */ = {isa = PBXFileReference; explicitFileType = wrapper.framework; path = EssentialFeed.framework; sourceTree = BUILT_PRODUCTS_DIR; };
		7897B3502AE90EAC00021BC7 /* EssentialFeediOS.framework */ = {isa = PBXFileReference; explicitFileType = wrapper.framework; path = EssentialFeediOS.framework; sourceTree = BUILT_PRODUCTS_DIR; };
		78F5B5982AE90A6F0089F52F /* EssentialApp.app */ = {isa = PBXFileReference; explicitFileType = wrapper.application; includeInIndex = 0; path = EssentialApp.app; sourceTree = BUILT_PRODUCTS_DIR; };
		78F5B59B2AE90A6F0089F52F /* AppDelegate.swift */ = {isa = PBXFileReference; lastKnownFileType = sourcecode.swift; path = AppDelegate.swift; sourceTree = "<group>"; };
		78F5B59D2AE90A6F0089F52F /* SceneDelegate.swift */ = {isa = PBXFileReference; lastKnownFileType = sourcecode.swift; path = SceneDelegate.swift; sourceTree = "<group>"; };
		78F5B59F2AE90A6F0089F52F /* ViewController.swift */ = {isa = PBXFileReference; lastKnownFileType = sourcecode.swift; path = ViewController.swift; sourceTree = "<group>"; };
		78F5B5A22AE90A6F0089F52F /* Base */ = {isa = PBXFileReference; lastKnownFileType = file.storyboard; name = Base; path = Base.lproj/Main.storyboard; sourceTree = "<group>"; };
		78F5B5A42AE90A6F0089F52F /* Assets.xcassets */ = {isa = PBXFileReference; lastKnownFileType = folder.assetcatalog; path = Assets.xcassets; sourceTree = "<group>"; };
		78F5B5A72AE90A6F0089F52F /* Base */ = {isa = PBXFileReference; lastKnownFileType = file.storyboard; name = Base; path = Base.lproj/LaunchScreen.storyboard; sourceTree = "<group>"; };
		78F5B5A92AE90A6F0089F52F /* Info.plist */ = {isa = PBXFileReference; lastKnownFileType = text.plist.xml; path = Info.plist; sourceTree = "<group>"; };
/* End PBXFileReference section */

/* Begin PBXFrameworksBuildPhase section */
		7877869C2AEA3367001C46B0 /* Frameworks */ = {
			isa = PBXFrameworksBuildPhase;
			buildActionMask = 2147483647;
			files = (
			);
			runOnlyForDeploymentPostprocessing = 0;
		};
		78F5B5952AE90A6F0089F52F /* Frameworks */ = {
			isa = PBXFrameworksBuildPhase;
			buildActionMask = 2147483647;
			files = (
				7897B3512AE90EAC00021BC7 /* EssentialFeed.framework in Frameworks */,
				7897B3532AE90EAC00021BC7 /* EssentialFeediOS.framework in Frameworks */,
			);
			runOnlyForDeploymentPostprocessing = 0;
		};
/* End PBXFrameworksBuildPhase section */

/* Begin PBXGroup section */
		7867EFA82AEBD2A700C5F85F /* Helpers */ = {
			isa = PBXGroup;
			children = (
				787786B12AEA4A04001C46B0 /* XCTestCase+MemoryLeakTracking.swift */,
				787786B32AEA4A2D001C46B0 /* SharedTestHelpers.swift */,
				7867EFA62AEBD27000C5F85F /* FeedLoaderStub.swift */,
				7867EFA92AEBD2F500C5F85F /* XCTestCase+FeedLoader.swift */,
			);
			path = Helpers;
			sourceTree = "<group>";
		};
		787786A02AEA3367001C46B0 /* EssentialAppTests */ = {
			isa = PBXGroup;
			children = (
				787786A92AEA33E9001C46B0 /* FeedLoaderWithFallbackCompositeTests.swift */,
				787786AD2AEA399B001C46B0 /* FeedImageDataLoaderWithFallbackCompositeTests.swift */,
				7867EFA42AEBD1B400C5F85F /* FeedLoaderCacheDecoratorTests.swift */,
				7867EFA82AEBD2A700C5F85F /* Helpers */,
				787786A82AEA33E9001C46B0 /* EssentialAppTests-Bridging-Header.h */,
			);
			path = EssentialAppTests;
			sourceTree = "<group>";
		};
		7897B34E2AE90EAC00021BC7 /* Frameworks */ = {
			isa = PBXGroup;
			children = (
				7897B34F2AE90EAC00021BC7 /* EssentialFeed.framework */,
				7897B3502AE90EAC00021BC7 /* EssentialFeediOS.framework */,
			);
			name = Frameworks;
			sourceTree = "<group>";
		};
		78F5B58F2AE90A6F0089F52F = {
			isa = PBXGroup;
			children = (
				78F5B59A2AE90A6F0089F52F /* EssentialApp */,
				787786A02AEA3367001C46B0 /* EssentialAppTests */,
				78F5B5992AE90A6F0089F52F /* Products */,
				7897B34E2AE90EAC00021BC7 /* Frameworks */,
			);
			sourceTree = "<group>";
		};
		78F5B5992AE90A6F0089F52F /* Products */ = {
			isa = PBXGroup;
			children = (
				78F5B5982AE90A6F0089F52F /* EssentialApp.app */,
				7877869F2AEA3367001C46B0 /* EssentialAppTests.xctest */,
			);
			name = Products;
			sourceTree = "<group>";
		};
		78F5B59A2AE90A6F0089F52F /* EssentialApp */ = {
			isa = PBXGroup;
			children = (
				78F5B59B2AE90A6F0089F52F /* AppDelegate.swift */,
				78F5B59D2AE90A6F0089F52F /* SceneDelegate.swift */,
				78F5B59F2AE90A6F0089F52F /* ViewController.swift */,
				78F5B5A12AE90A6F0089F52F /* Main.storyboard */,
				78F5B5A42AE90A6F0089F52F /* Assets.xcassets */,
				78F5B5A62AE90A6F0089F52F /* LaunchScreen.storyboard */,
				78F5B5A92AE90A6F0089F52F /* Info.plist */,
				787786AB2AEA36DD001C46B0 /* FeedLoaderWithFallbackComposite.swift */,
				787786AF2AEA49CA001C46B0 /* FeedImageDataLoaderWithFallbackComposite.swift */,
				7867EFAD2AEBD6C200C5F85F /* FeedLoaderCacheDecorator.swift */,
			);
			path = EssentialApp;
			sourceTree = "<group>";
		};
/* End PBXGroup section */

/* Begin PBXNativeTarget section */
		7877869E2AEA3367001C46B0 /* EssentialAppTests */ = {
			isa = PBXNativeTarget;
			buildConfigurationList = 787786A72AEA3367001C46B0 /* Build configuration list for PBXNativeTarget "EssentialAppTests" */;
			buildPhases = (
				7877869B2AEA3367001C46B0 /* Sources */,
				7877869C2AEA3367001C46B0 /* Frameworks */,
				7877869D2AEA3367001C46B0 /* Resources */,
			);
			buildRules = (
			);
			dependencies = (
				787786A42AEA3367001C46B0 /* PBXTargetDependency */,
			);
			name = EssentialAppTests;
			productName = EssentialAppTests;
			productReference = 7877869F2AEA3367001C46B0 /* EssentialAppTests.xctest */;
			productType = "com.apple.product-type.bundle.unit-test";
		};
		78F5B5972AE90A6F0089F52F /* EssentialApp */ = {
			isa = PBXNativeTarget;
			buildConfigurationList = 78F5B5AC2AE90A6F0089F52F /* Build configuration list for PBXNativeTarget "EssentialApp" */;
			buildPhases = (
				78F5B5942AE90A6F0089F52F /* Sources */,
				78F5B5952AE90A6F0089F52F /* Frameworks */,
				78F5B5962AE90A6F0089F52F /* Resources */,
				7897B3552AE90EAC00021BC7 /* Embed Frameworks */,
			);
			buildRules = (
			);
			dependencies = (
			);
			name = EssentialApp;
			productName = EssentialApp;
			productReference = 78F5B5982AE90A6F0089F52F /* EssentialApp.app */;
			productType = "com.apple.product-type.application";
		};
/* End PBXNativeTarget section */

/* Begin PBXProject section */
		78F5B5902AE90A6F0089F52F /* Project object */ = {
			isa = PBXProject;
			attributes = {
				BuildIndependentTargetsInParallel = 1;
				LastSwiftUpdateCheck = 1500;
				LastUpgradeCheck = 1500;
				TargetAttributes = {
					7877869E2AEA3367001C46B0 = {
						CreatedOnToolsVersion = 15.0;
						LastSwiftMigration = 1500;
						TestTargetID = 78F5B5972AE90A6F0089F52F;
					};
					78F5B5972AE90A6F0089F52F = {
						CreatedOnToolsVersion = 15.0;
					};
				};
			};
			buildConfigurationList = 78F5B5932AE90A6F0089F52F /* Build configuration list for PBXProject "EssentialApp" */;
			compatibilityVersion = "Xcode 14.0";
			developmentRegion = en;
			hasScannedForEncodings = 0;
			knownRegions = (
				en,
				Base,
			);
			mainGroup = 78F5B58F2AE90A6F0089F52F;
			productRefGroup = 78F5B5992AE90A6F0089F52F /* Products */;
			projectDirPath = "";
			projectRoot = "";
			targets = (
				78F5B5972AE90A6F0089F52F /* EssentialApp */,
				7877869E2AEA3367001C46B0 /* EssentialAppTests */,
			);
		};
/* End PBXProject section */

/* Begin PBXResourcesBuildPhase section */
		7877869D2AEA3367001C46B0 /* Resources */ = {
			isa = PBXResourcesBuildPhase;
			buildActionMask = 2147483647;
			files = (
			);
			runOnlyForDeploymentPostprocessing = 0;
		};
		78F5B5962AE90A6F0089F52F /* Resources */ = {
			isa = PBXResourcesBuildPhase;
			buildActionMask = 2147483647;
			files = (
				78F5B5A82AE90A6F0089F52F /* LaunchScreen.storyboard in Resources */,
				78F5B5A52AE90A6F0089F52F /* Assets.xcassets in Resources */,
				78F5B5A32AE90A6F0089F52F /* Main.storyboard in Resources */,
			);
			runOnlyForDeploymentPostprocessing = 0;
		};
/* End PBXResourcesBuildPhase section */

/* Begin PBXSourcesBuildPhase section */
		7877869B2AEA3367001C46B0 /* Sources */ = {
			isa = PBXSourcesBuildPhase;
			buildActionMask = 2147483647;
			files = (
				787786B42AEA4A2D001C46B0 /* SharedTestHelpers.swift in Sources */,
				7867EFAA2AEBD2F500C5F85F /* XCTestCase+FeedLoader.swift in Sources */,
				7867EFA52AEBD1B400C5F85F /* FeedLoaderCacheDecoratorTests.swift in Sources */,
				787786AE2AEA399B001C46B0 /* FeedImageDataLoaderWithFallbackCompositeTests.swift in Sources */,
				787786AA2AEA33E9001C46B0 /* FeedLoaderWithFallbackCompositeTests.swift in Sources */,
				7867EFA72AEBD27000C5F85F /* FeedLoaderStub.swift in Sources */,
				787786B22AEA4A04001C46B0 /* XCTestCase+MemoryLeakTracking.swift in Sources */,
			);
			runOnlyForDeploymentPostprocessing = 0;
		};
		78F5B5942AE90A6F0089F52F /* Sources */ = {
			isa = PBXSourcesBuildPhase;
			buildActionMask = 2147483647;
			files = (
				78F5B5A02AE90A6F0089F52F /* ViewController.swift in Sources */,
				78F5B59C2AE90A6F0089F52F /* AppDelegate.swift in Sources */,
				787786AC2AEA36DD001C46B0 /* FeedLoaderWithFallbackComposite.swift in Sources */,
				7867EFAE2AEBD6C200C5F85F /* FeedLoaderCacheDecorator.swift in Sources */,
				78F5B59E2AE90A6F0089F52F /* SceneDelegate.swift in Sources */,
				787786B02AEA49CA001C46B0 /* FeedImageDataLoaderWithFallbackComposite.swift in Sources */,
			);
			runOnlyForDeploymentPostprocessing = 0;
		};
/* End PBXSourcesBuildPhase section */

/* Begin PBXTargetDependency section */
		787786A42AEA3367001C46B0 /* PBXTargetDependency */ = {
			isa = PBXTargetDependency;
			target = 78F5B5972AE90A6F0089F52F /* EssentialApp */;
			targetProxy = 787786A32AEA3367001C46B0 /* PBXContainerItemProxy */;
		};
/* End PBXTargetDependency section */

/* Begin PBXVariantGroup section */
		78F5B5A12AE90A6F0089F52F /* Main.storyboard */ = {
			isa = PBXVariantGroup;
			children = (
				78F5B5A22AE90A6F0089F52F /* Base */,
			);
			name = Main.storyboard;
			sourceTree = "<group>";
		};
		78F5B5A62AE90A6F0089F52F /* LaunchScreen.storyboard */ = {
			isa = PBXVariantGroup;
			children = (
				78F5B5A72AE90A6F0089F52F /* Base */,
			);
			name = LaunchScreen.storyboard;
			sourceTree = "<group>";
		};
/* End PBXVariantGroup section */

/* Begin XCBuildConfiguration section */
		787786A52AEA3367001C46B0 /* Debug */ = {
			isa = XCBuildConfiguration;
			buildSettings = {
				BUNDLE_LOADER = "$(TEST_HOST)";
				CLANG_ENABLE_MODULES = YES;
				CODE_SIGN_STYLE = Automatic;
				CURRENT_PROJECT_VERSION = 1;
				DEVELOPMENT_TEAM = 5X8H5M27DY;
				GENERATE_INFOPLIST_FILE = YES;
				MARKETING_VERSION = 1.0;
				PRODUCT_BUNDLE_IDENTIFIER = com.jainullas.EssentialAppTests;
				PRODUCT_NAME = "$(TARGET_NAME)";
				SWIFT_EMIT_LOC_STRINGS = NO;
				SWIFT_OBJC_BRIDGING_HEADER = "EssentialAppTests/EssentialAppTests-Bridging-Header.h";
				SWIFT_OPTIMIZATION_LEVEL = "-Onone";
				SWIFT_VERSION = 5.0;
				TARGETED_DEVICE_FAMILY = "1,2";
				TEST_HOST = "$(BUILT_PRODUCTS_DIR)/EssentialApp.app/$(BUNDLE_EXECUTABLE_FOLDER_PATH)/EssentialApp";
			};
			name = Debug;
		};
		787786A62AEA3367001C46B0 /* Release */ = {
			isa = XCBuildConfiguration;
			buildSettings = {
				BUNDLE_LOADER = "$(TEST_HOST)";
				CLANG_ENABLE_MODULES = YES;
				CODE_SIGN_STYLE = Automatic;
				CURRENT_PROJECT_VERSION = 1;
				DEVELOPMENT_TEAM = 5X8H5M27DY;
				GENERATE_INFOPLIST_FILE = YES;
				MARKETING_VERSION = 1.0;
				PRODUCT_BUNDLE_IDENTIFIER = com.jainullas.EssentialAppTests;
				PRODUCT_NAME = "$(TARGET_NAME)";
				SWIFT_EMIT_LOC_STRINGS = NO;
				SWIFT_OBJC_BRIDGING_HEADER = "EssentialAppTests/EssentialAppTests-Bridging-Header.h";
				SWIFT_VERSION = 5.0;
				TARGETED_DEVICE_FAMILY = "1,2";
				TEST_HOST = "$(BUILT_PRODUCTS_DIR)/EssentialApp.app/$(BUNDLE_EXECUTABLE_FOLDER_PATH)/EssentialApp";
			};
			name = Release;
		};
		78F5B5AA2AE90A6F0089F52F /* Debug */ = {
			isa = XCBuildConfiguration;
			buildSettings = {
				ALWAYS_SEARCH_USER_PATHS = NO;
				ASSETCATALOG_COMPILER_GENERATE_SWIFT_ASSET_SYMBOL_EXTENSIONS = YES;
				CLANG_ANALYZER_NONNULL = YES;
				CLANG_ANALYZER_NUMBER_OBJECT_CONVERSION = YES_AGGRESSIVE;
				CLANG_CXX_LANGUAGE_STANDARD = "gnu++20";
				CLANG_ENABLE_MODULES = YES;
				CLANG_ENABLE_OBJC_ARC = YES;
				CLANG_ENABLE_OBJC_WEAK = YES;
				CLANG_WARN_BLOCK_CAPTURE_AUTORELEASING = YES;
				CLANG_WARN_BOOL_CONVERSION = YES;
				CLANG_WARN_COMMA = YES;
				CLANG_WARN_CONSTANT_CONVERSION = YES;
				CLANG_WARN_DEPRECATED_OBJC_IMPLEMENTATIONS = YES;
				CLANG_WARN_DIRECT_OBJC_ISA_USAGE = YES_ERROR;
				CLANG_WARN_DOCUMENTATION_COMMENTS = YES;
				CLANG_WARN_EMPTY_BODY = YES;
				CLANG_WARN_ENUM_CONVERSION = YES;
				CLANG_WARN_INFINITE_RECURSION = YES;
				CLANG_WARN_INT_CONVERSION = YES;
				CLANG_WARN_NON_LITERAL_NULL_CONVERSION = YES;
				CLANG_WARN_OBJC_IMPLICIT_RETAIN_SELF = YES;
				CLANG_WARN_OBJC_LITERAL_CONVERSION = YES;
				CLANG_WARN_OBJC_ROOT_CLASS = YES_ERROR;
				CLANG_WARN_QUOTED_INCLUDE_IN_FRAMEWORK_HEADER = YES;
				CLANG_WARN_RANGE_LOOP_ANALYSIS = YES;
				CLANG_WARN_STRICT_PROTOTYPES = YES;
				CLANG_WARN_SUSPICIOUS_MOVE = YES;
				CLANG_WARN_UNGUARDED_AVAILABILITY = YES_AGGRESSIVE;
				CLANG_WARN_UNREACHABLE_CODE = YES;
				CLANG_WARN__DUPLICATE_METHOD_MATCH = YES;
				COPY_PHASE_STRIP = NO;
				DEBUG_INFORMATION_FORMAT = dwarf;
				ENABLE_STRICT_OBJC_MSGSEND = YES;
				ENABLE_TESTABILITY = YES;
				ENABLE_USER_SCRIPT_SANDBOXING = YES;
				GCC_C_LANGUAGE_STANDARD = gnu17;
				GCC_DYNAMIC_NO_PIC = NO;
				GCC_NO_COMMON_BLOCKS = YES;
				GCC_OPTIMIZATION_LEVEL = 0;
				GCC_PREPROCESSOR_DEFINITIONS = (
					"DEBUG=1",
					"$(inherited)",
				);
				GCC_WARN_64_TO_32_BIT_CONVERSION = YES;
				GCC_WARN_ABOUT_RETURN_TYPE = YES_ERROR;
				GCC_WARN_UNDECLARED_SELECTOR = YES;
				GCC_WARN_UNINITIALIZED_AUTOS = YES_AGGRESSIVE;
				GCC_WARN_UNUSED_FUNCTION = YES;
				GCC_WARN_UNUSED_VARIABLE = YES;
				IPHONEOS_DEPLOYMENT_TARGET = 17.0;
				LOCALIZATION_PREFERS_STRING_CATALOGS = YES;
				MTL_ENABLE_DEBUG_INFO = INCLUDE_SOURCE;
				MTL_FAST_MATH = YES;
				ONLY_ACTIVE_ARCH = YES;
				SDKROOT = iphoneos;
				SWIFT_ACTIVE_COMPILATION_CONDITIONS = "DEBUG $(inherited)";
				SWIFT_OPTIMIZATION_LEVEL = "-Onone";
			};
			name = Debug;
		};
		78F5B5AB2AE90A6F0089F52F /* Release */ = {
			isa = XCBuildConfiguration;
			buildSettings = {
				ALWAYS_SEARCH_USER_PATHS = NO;
				ASSETCATALOG_COMPILER_GENERATE_SWIFT_ASSET_SYMBOL_EXTENSIONS = YES;
				CLANG_ANALYZER_NONNULL = YES;
				CLANG_ANALYZER_NUMBER_OBJECT_CONVERSION = YES_AGGRESSIVE;
				CLANG_CXX_LANGUAGE_STANDARD = "gnu++20";
				CLANG_ENABLE_MODULES = YES;
				CLANG_ENABLE_OBJC_ARC = YES;
				CLANG_ENABLE_OBJC_WEAK = YES;
				CLANG_WARN_BLOCK_CAPTURE_AUTORELEASING = YES;
				CLANG_WARN_BOOL_CONVERSION = YES;
				CLANG_WARN_COMMA = YES;
				CLANG_WARN_CONSTANT_CONVERSION = YES;
				CLANG_WARN_DEPRECATED_OBJC_IMPLEMENTATIONS = YES;
				CLANG_WARN_DIRECT_OBJC_ISA_USAGE = YES_ERROR;
				CLANG_WARN_DOCUMENTATION_COMMENTS = YES;
				CLANG_WARN_EMPTY_BODY = YES;
				CLANG_WARN_ENUM_CONVERSION = YES;
				CLANG_WARN_INFINITE_RECURSION = YES;
				CLANG_WARN_INT_CONVERSION = YES;
				CLANG_WARN_NON_LITERAL_NULL_CONVERSION = YES;
				CLANG_WARN_OBJC_IMPLICIT_RETAIN_SELF = YES;
				CLANG_WARN_OBJC_LITERAL_CONVERSION = YES;
				CLANG_WARN_OBJC_ROOT_CLASS = YES_ERROR;
				CLANG_WARN_QUOTED_INCLUDE_IN_FRAMEWORK_HEADER = YES;
				CLANG_WARN_RANGE_LOOP_ANALYSIS = YES;
				CLANG_WARN_STRICT_PROTOTYPES = YES;
				CLANG_WARN_SUSPICIOUS_MOVE = YES;
				CLANG_WARN_UNGUARDED_AVAILABILITY = YES_AGGRESSIVE;
				CLANG_WARN_UNREACHABLE_CODE = YES;
				CLANG_WARN__DUPLICATE_METHOD_MATCH = YES;
				COPY_PHASE_STRIP = NO;
				DEBUG_INFORMATION_FORMAT = "dwarf-with-dsym";
				ENABLE_NS_ASSERTIONS = NO;
				ENABLE_STRICT_OBJC_MSGSEND = YES;
				ENABLE_USER_SCRIPT_SANDBOXING = YES;
				GCC_C_LANGUAGE_STANDARD = gnu17;
				GCC_NO_COMMON_BLOCKS = YES;
				GCC_WARN_64_TO_32_BIT_CONVERSION = YES;
				GCC_WARN_ABOUT_RETURN_TYPE = YES_ERROR;
				GCC_WARN_UNDECLARED_SELECTOR = YES;
				GCC_WARN_UNINITIALIZED_AUTOS = YES_AGGRESSIVE;
				GCC_WARN_UNUSED_FUNCTION = YES;
				GCC_WARN_UNUSED_VARIABLE = YES;
				IPHONEOS_DEPLOYMENT_TARGET = 17.0;
				LOCALIZATION_PREFERS_STRING_CATALOGS = YES;
				MTL_ENABLE_DEBUG_INFO = NO;
				MTL_FAST_MATH = YES;
				SDKROOT = iphoneos;
				SWIFT_COMPILATION_MODE = wholemodule;
				VALIDATE_PRODUCT = YES;
			};
			name = Release;
		};
		78F5B5AD2AE90A6F0089F52F /* Debug */ = {
			isa = XCBuildConfiguration;
			buildSettings = {
				ASSETCATALOG_COMPILER_APPICON_NAME = AppIcon;
				ASSETCATALOG_COMPILER_GLOBAL_ACCENT_COLOR_NAME = AccentColor;
				CODE_SIGN_STYLE = Automatic;
				CURRENT_PROJECT_VERSION = 1;
				DEVELOPMENT_TEAM = 5X8H5M27DY;
				GENERATE_INFOPLIST_FILE = YES;
				INFOPLIST_FILE = EssentialApp/Info.plist;
				INFOPLIST_KEY_UIApplicationSupportsIndirectInputEvents = YES;
				INFOPLIST_KEY_UILaunchStoryboardName = LaunchScreen;
				INFOPLIST_KEY_UIMainStoryboardFile = Main;
				INFOPLIST_KEY_UISupportedInterfaceOrientations = UIInterfaceOrientationPortrait;
				LD_RUNPATH_SEARCH_PATHS = (
					"$(inherited)",
					"@executable_path/Frameworks",
				);
				MARKETING_VERSION = 1.0;
				PRODUCT_BUNDLE_IDENTIFIER = com.jainullas.EssentialApp;
				PRODUCT_NAME = "$(TARGET_NAME)";
				SWIFT_EMIT_LOC_STRINGS = YES;
				SWIFT_VERSION = 5.0;
				TARGETED_DEVICE_FAMILY = "1,2";
			};
			name = Debug;
		};
		78F5B5AE2AE90A6F0089F52F /* Release */ = {
			isa = XCBuildConfiguration;
			buildSettings = {
				ASSETCATALOG_COMPILER_APPICON_NAME = AppIcon;
				ASSETCATALOG_COMPILER_GLOBAL_ACCENT_COLOR_NAME = AccentColor;
				CODE_SIGN_STYLE = Automatic;
				CURRENT_PROJECT_VERSION = 1;
				DEVELOPMENT_TEAM = 5X8H5M27DY;
				GENERATE_INFOPLIST_FILE = YES;
				INFOPLIST_FILE = EssentialApp/Info.plist;
				INFOPLIST_KEY_UIApplicationSupportsIndirectInputEvents = YES;
				INFOPLIST_KEY_UILaunchStoryboardName = LaunchScreen;
				INFOPLIST_KEY_UIMainStoryboardFile = Main;
				INFOPLIST_KEY_UISupportedInterfaceOrientations = UIInterfaceOrientationPortrait;
				LD_RUNPATH_SEARCH_PATHS = (
					"$(inherited)",
					"@executable_path/Frameworks",
				);
				MARKETING_VERSION = 1.0;
				PRODUCT_BUNDLE_IDENTIFIER = com.jainullas.EssentialApp;
				PRODUCT_NAME = "$(TARGET_NAME)";
				SWIFT_EMIT_LOC_STRINGS = YES;
				SWIFT_VERSION = 5.0;
				TARGETED_DEVICE_FAMILY = "1,2";
			};
			name = Release;
		};
/* End XCBuildConfiguration section */

/* Begin XCConfigurationList section */
		787786A72AEA3367001C46B0 /* Build configuration list for PBXNativeTarget "EssentialAppTests" */ = {
			isa = XCConfigurationList;
			buildConfigurations = (
				787786A52AEA3367001C46B0 /* Debug */,
				787786A62AEA3367001C46B0 /* Release */,
			);
			defaultConfigurationIsVisible = 0;
			defaultConfigurationName = Release;
		};
		78F5B5932AE90A6F0089F52F /* Build configuration list for PBXProject "EssentialApp" */ = {
			isa = XCConfigurationList;
			buildConfigurations = (
				78F5B5AA2AE90A6F0089F52F /* Debug */,
				78F5B5AB2AE90A6F0089F52F /* Release */,
			);
			defaultConfigurationIsVisible = 0;
			defaultConfigurationName = Release;
		};
		78F5B5AC2AE90A6F0089F52F /* Build configuration list for PBXNativeTarget "EssentialApp" */ = {
			isa = XCConfigurationList;
			buildConfigurations = (
				78F5B5AD2AE90A6F0089F52F /* Debug */,
				78F5B5AE2AE90A6F0089F52F /* Release */,
			);
			defaultConfigurationIsVisible = 0;
			defaultConfigurationName = Release;
		};
/* End XCConfigurationList section */
	};
	rootObject = 78F5B5902AE90A6F0089F52F /* Project object */;
}
